
Microsoft Visual Studio Solution File, Format Version 12.00
# Visual Studio 15
VisualStudioVersion = 15.0.28307.852
MinimumVisualStudioVersion = 10.0.40219.1
Project("{FAE04EC0-301F-11D3-BF4B-00C04F79EFBC}") = "FolderBrowser", "FolderBrowser\FolderBrowser.csproj", "{72E378F2-2FFD-4C54-8EB0-2DC791280064}"
EndProject
Global
	GlobalSection(SolutionConfigurationPlatforms) = preSolution
		Debug|Any CPU = Debug|Any CPU
		Release|Any CPU = Release|Any CPU
	EndGlobalSection
	GlobalSection(ProjectConfigurationPlatforms) = postSolution
		{72E378F2-2FFD-4C54-8EB0-2DC791280064}.Debug|Any CPU.ActiveCfg = Debug|Any CPU
		{72E378F2-2FFD-4C54-8EB0-2DC791280064}.Debug|Any CPU.Build.0 = Debug|Any CPU
		{72E378F2-2FFD-4C54-8EB0-2DC791280064}.Release|Any CPU.ActiveCfg = Release|Any CPU
		{72E378F2-2FFD-4C54-8EB0-2DC791280064}.Release|Any CPU.Build.0 = Release|Any CPU
	EndGlobalSection
	GlobalSection(SolutionProperties) = preSolution
		HideSolutionNode = FALSE
	EndGlobalSection
	GlobalSection(ExtensibilityGlobals) = postSolution
		SolutionGuid = {600F89AD-4215-4DF9-A0E2-CAB0610A2587}
	EndGlobalSection
EndGlobal
